
Microsoft Visual Studio Solution File, Format Version 12.00
# Visual Studio Version 16
VisualStudioVersion = 16.0.29728.190
MinimumVisualStudioVersion = 10.0.40219.1
Project("{9A19103F-16F7-4668-BE54-9A1E7A4F7556}") = "RUDP", "RUDP\RUDP.csproj", "{3F0FB14B-D841-4E28-9602-657157E81C42}"
EndProject
Project("{FAE04EC0-301F-11D3-BF4B-00C04F79EFBC}") = "Sample_ChatConsoleApp", "Sample_ChatConsoleApp\Sample_ChatConsoleApp.csproj", "{8004020F-8F3F-4326-A266-F7F29ECE160A}"
EndProject
Project("{FAE04EC0-301F-11D3-BF4B-00C04F79EFBC}") = "RUDP.Test", "RUDP.Test\RUDP.Test.csproj", "{AE093618-D566-4375-8933-2025238BE17D}"
EndProject
Global
	GlobalSection(SolutionConfigurationPlatforms) = preSolution
		Debug|Any CPU = Debug|Any CPU
		Release|Any CPU = Release|Any CPU
	EndGlobalSection
	GlobalSection(ProjectConfigurationPlatforms) = postSolution
		{3F0FB14B-D841-4E28-9602-657157E81C42}.Debug|Any CPU.ActiveCfg = Debug|Any CPU
		{3F0FB14B-D841-4E28-9602-657157E81C42}.Debug|Any CPU.Build.0 = Debug|Any CPU
		{3F0FB14B-D841-4E28-9602-657157E81C42}.Release|Any CPU.ActiveCfg = Release|Any CPU
		{3F0FB14B-D841-4E28-9602-657157E81C42}.Release|Any CPU.Build.0 = Release|Any CPU
		{8004020F-8F3F-4326-A266-F7F29ECE160A}.Debug|Any CPU.ActiveCfg = Debug|Any CPU
		{8004020F-8F3F-4326-A266-F7F29ECE160A}.Debug|Any CPU.Build.0 = Debug|Any CPU
		{8004020F-8F3F-4326-A266-F7F29ECE160A}.Release|Any CPU.ActiveCfg = Release|Any CPU
		{8004020F-8F3F-4326-A266-F7F29ECE160A}.Release|Any CPU.Build.0 = Release|Any CPU
		{AE093618-D566-4375-8933-2025238BE17D}.Debug|Any CPU.ActiveCfg = Debug|Any CPU
		{AE093618-D566-4375-8933-2025238BE17D}.Debug|Any CPU.Build.0 = Debug|Any CPU
		{AE093618-D566-4375-8933-2025238BE17D}.Release|Any CPU.ActiveCfg = Release|Any CPU
		{AE093618-D566-4375-8933-2025238BE17D}.Release|Any CPU.Build.0 = Release|Any CPU
	EndGlobalSection
	GlobalSection(SolutionProperties) = preSolution
		HideSolutionNode = FALSE
	EndGlobalSection
	GlobalSection(ExtensibilityGlobals) = postSolution
		SolutionGuid = {69DA9699-510B-4F73-86AB-54B4FD3CF7A3}
	EndGlobalSection
EndGlobal
